// !$*UTF8*$!
{
	archiveVersion = 1;
	classes = {
	};
	objectVersion = 77;
	objects = {

/* Begin PBXBuildFile section */
		A76404B12D9F68300075AABB /* SwiftUIPager in Frameworks */ = {isa = PBXBuildFile; productRef = A76404B02D9F68300075AABB /* SwiftUIPager */; };
		A7FBFE012DFE12A000D284D4 /* ElegantCalendar in Frameworks */ = {isa = PBXBuildFile; productRef = A7FBFE002DFE12A000D284D4 /* ElegantCalendar */; };
/* End PBXBuildFile section */

/* Begin PBXContainerItemProxy section */
		A7E013272D507503007A58ED /* PBXContainerItemProxy */ = {
			isa = PBXContainerItemProxy;
			containerPortal = A7E0130E2D507501007A58ED /* Project object */;
			proxyType = 1;
			remoteGlobalIDString = A7E013152D507501007A58ED;
			remoteInfo = Prevonto;
		};
		A7E013312D507503007A58ED /* PBXContainerItemProxy */ = {
			isa = PBXContainerItemProxy;
			containerPortal = A7E0130E2D507501007A58ED /* Project object */;
			proxyType = 1;
			remoteGlobalIDString = A7E013152D507501007A58ED;
			remoteInfo = Prevonto;
		};
/* End PBXContainerItemProxy section */

/* Begin PBXFileReference section */
		A7E013162D507501007A58ED /* Prevonto.app */ = {isa = PBXFileReference; explicitFileType = wrapper.application; includeInIndex = 0; path = Prevonto.app; sourceTree = BUILT_PRODUCTS_DIR; };
		A7E013262D507503007A58ED /* PrevontoTests.xctest */ = {isa = PBXFileReference; explicitFileType = wrapper.cfbundle; includeInIndex = 0; path = PrevontoTests.xctest; sourceTree = BUILT_PRODUCTS_DIR; };
		A7E013302D507503007A58ED /* PrevontoUITests.xctest */ = {isa = PBXFileReference; explicitFileType = wrapper.cfbundle; includeInIndex = 0; path = PrevontoUITests.xctest; sourceTree = BUILT_PRODUCTS_DIR; };
/* End PBXFileReference section */

/* Begin PBXFileSystemSynchronizedRootGroup section */
		A761B3712E873CC000E5E94C /* Prevonto */ = {
			isa = PBXFileSystemSynchronizedRootGroup;
			path = Prevonto;
			sourceTree = "<group>";
		};
		A7E013292D507503007A58ED /* PrevontoTests */ = {
			isa = PBXFileSystemSynchronizedRootGroup;
			path = PrevontoTests;
			sourceTree = "<group>";
		};
		A7E013332D507503007A58ED /* PrevontoUITests */ = {
			isa = PBXFileSystemSynchronizedRootGroup;
			path = PrevontoUITests;
			sourceTree = "<group>";
		};
/* End PBXFileSystemSynchronizedRootGroup section */

/* Begin PBXFrameworksBuildPhase section */
		A7E013132D507501007A58ED /* Frameworks */ = {
			isa = PBXFrameworksBuildPhase;
			buildActionMask = 2147483647;
			files = (
				A76404B12D9F68300075AABB /* SwiftUIPager in Frameworks */,
				A7FBFE012DFE12A000D284D4 /* ElegantCalendar in Frameworks */,
			);
			runOnlyForDeploymentPostprocessing = 0;
		};
		A7E013232D507503007A58ED /* Frameworks */ = {
			isa = PBXFrameworksBuildPhase;
			buildActionMask = 2147483647;
			files = (
			);
			runOnlyForDeploymentPostprocessing = 0;
		};
		A7E0132D2D507503007A58ED /* Frameworks */ = {
			isa = PBXFrameworksBuildPhase;
			buildActionMask = 2147483647;
			files = (
			);
			runOnlyForDeploymentPostprocessing = 0;
		};
/* End PBXFrameworksBuildPhase section */

/* Begin PBXGroup section */
		A76404AF2D9F68220075AABB /* Frameworks */ = {
			isa = PBXGroup;
			children = (
			);
			name = Frameworks;
			sourceTree = "<group>";
		};
		A7E0130D2D507501007A58ED = {
			isa = PBXGroup;
			children = (
				A761B3712E873CC000E5E94C /* Prevonto */,
				A7E013292D507503007A58ED /* PrevontoTests */,
				A7E013332D507503007A58ED /* PrevontoUITests */,
				A76404AF2D9F68220075AABB /* Frameworks */,
				A7E013172D507501007A58ED /* Products */,
			);
			sourceTree = "<group>";
		};
		A7E013172D507501007A58ED /* Products */ = {
			isa = PBXGroup;
			children = (
				A7E013162D507501007A58ED /* Prevonto.app */,
				A7E013262D507503007A58ED /* PrevontoTests.xctest */,
				A7E013302D507503007A58ED /* PrevontoUITests.xctest */,
			);
			name = Products;
			sourceTree = "<group>";
		};
/* End PBXGroup section */

/* Begin PBXNativeTarget section */
		A7E013152D507501007A58ED /* Prevonto */ = {
			isa = PBXNativeTarget;
			buildConfigurationList = A7E0133A2D507503007A58ED /* Build configuration list for PBXNativeTarget "Prevonto" */;
			buildPhases = (
				A7E013122D507501007A58ED /* Sources */,
				A7E013132D507501007A58ED /* Frameworks */,
				A7E013142D507501007A58ED /* Resources */,
			);
			buildRules = (
			);
			dependencies = (
			);
			fileSystemSynchronizedGroups = (
				A761B3712E873CC000E5E94C /* Prevonto */,
			);
			name = Prevonto;
			packageProductDependencies = (
				A76404B02D9F68300075AABB /* SwiftUIPager */,
				A7FBFE002DFE12A000D284D4 /* ElegantCalendar */,
			);
			productName = Prevonto;
			productReference = A7E013162D507501007A58ED /* Prevonto.app */;
			productType = "com.apple.product-type.application";
		};
		A7E013252D507503007A58ED /* PrevontoTests */ = {
			isa = PBXNativeTarget;
			buildConfigurationList = A7E0133D2D507503007A58ED /* Build configuration list for PBXNativeTarget "PrevontoTests" */;
			buildPhases = (
				A7E013222D507503007A58ED /* Sources */,
				A7E013232D507503007A58ED /* Frameworks */,
				A7E013242D507503007A58ED /* Resources */,
			);
			buildRules = (
			);
			dependencies = (
				A7E013282D507503007A58ED /* PBXTargetDependency */,
			);
			fileSystemSynchronizedGroups = (
				A7E013292D507503007A58ED /* PrevontoTests */,
			);
			name = PrevontoTests;
			packageProductDependencies = (
			);
			productName = PrevontoTests;
			productReference = A7E013262D507503007A58ED /* PrevontoTests.xctest */;
			productType = "com.apple.product-type.bundle.unit-test";
		};
		A7E0132F2D507503007A58ED /* PrevontoUITests */ = {
			isa = PBXNativeTarget;
			buildConfigurationList = A7E013402D507503007A58ED /* Build configuration list for PBXNativeTarget "PrevontoUITests" */;
			buildPhases = (
				A7E0132C2D507503007A58ED /* Sources */,
				A7E0132D2D507503007A58ED /* Frameworks */,
				A7E0132E2D507503007A58ED /* Resources */,
			);
			buildRules = (
			);
			dependencies = (
				A7E013322D507503007A58ED /* PBXTargetDependency */,
			);
			fileSystemSynchronizedGroups = (
				A7E013332D507503007A58ED /* PrevontoUITests */,
			);
			name = PrevontoUITests;
			packageProductDependencies = (
			);
			productName = PrevontoUITests;
			productReference = A7E013302D507503007A58ED /* PrevontoUITests.xctest */;
			productType = "com.apple.product-type.bundle.ui-testing";
		};
/* End PBXNativeTarget section */

/* Begin PBXProject section */
		A7E0130E2D507501007A58ED /* Project object */ = {
			isa = PBXProject;
			attributes = {
				BuildIndependentTargetsInParallel = 1;
				LastSwiftUpdateCheck = 1620;
				LastUpgradeCheck = 1620;
				TargetAttributes = {
					A7E013152D507501007A58ED = {
						CreatedOnToolsVersion = 16.2;
					};
					A7E013252D507503007A58ED = {
						CreatedOnToolsVersion = 16.2;
						TestTargetID = A7E013152D507501007A58ED;
					};
					A7E0132F2D507503007A58ED = {
						CreatedOnToolsVersion = 16.2;
						TestTargetID = A7E013152D507501007A58ED;
					};
				};
			};
			buildConfigurationList = A7E013112D507501007A58ED /* Build configuration list for PBXProject "Prevonto" */;
			developmentRegion = en;
			hasScannedForEncodings = 0;
			knownRegions = (
				en,
				Base,
			);
			mainGroup = A7E0130D2D507501007A58ED;
			minimizedProjectReferenceProxies = 1;
			packageReferences = (
				A76404522D9F65B10075AABB /* XCRemoteSwiftPackageReference "SwiftUIPager" */,
				A7FBFDFF2DFE128100D284D4 /* XCRemoteSwiftPackageReference "ElegantCalendar" */,
			);
			preferredProjectObjectVersion = 77;
			productRefGroup = A7E013172D507501007A58ED /* Products */;
			projectDirPath = "";
			projectRoot = "";
			targets = (
				A7E013152D507501007A58ED /* Prevonto */,
				A7E013252D507503007A58ED /* PrevontoTests */,
				A7E0132F2D507503007A58ED /* PrevontoUITests */,
			);
		};
/* End PBXProject section */

/* Begin PBXResourcesBuildPhase section */
		A7E013142D507501007A58ED /* Resources */ = {
			isa = PBXResourcesBuildPhase;
			buildActionMask = 2147483647;
			files = (
			);
			runOnlyForDeploymentPostprocessing = 0;
		};
		A7E013242D507503007A58ED /* Resources */ = {
			isa = PBXResourcesBuildPhase;
			buildActionMask = 2147483647;
			files = (
			);
			runOnlyForDeploymentPostprocessing = 0;
		};
		A7E0132E2D507503007A58ED /* Resources */ = {
			isa = PBXResourcesBuildPhase;
			buildActionMask = 2147483647;
			files = (
			);
			runOnlyForDeploymentPostprocessing = 0;
		};
/* End PBXResourcesBuildPhase section */

/* Begin PBXSourcesBuildPhase section */
		A7E013122D507501007A58ED /* Sources */ = {
			isa = PBXSourcesBuildPhase;
			buildActionMask = 2147483647;
			files = (
			);
			runOnlyForDeploymentPostprocessing = 0;
		};
		A7E013222D507503007A58ED /* Sources */ = {
			isa = PBXSourcesBuildPhase;
			buildActionMask = 2147483647;
			files = (
			);
			runOnlyForDeploymentPostprocessing = 0;
		};
		A7E0132C2D507503007A58ED /* Sources */ = {
			isa = PBXSourcesBuildPhase;
			buildActionMask = 2147483647;
			files = (
			);
			runOnlyForDeploymentPostprocessing = 0;
		};
/* End PBXSourcesBuildPhase section */

/* Begin PBXTargetDependency section */
		A7E013282D507503007A58ED /* PBXTargetDependency */ = {
			isa = PBXTargetDependency;
			target = A7E013152D507501007A58ED /* Prevonto */;
			targetProxy = A7E013272D507503007A58ED /* PBXContainerItemProxy */;
		};
		A7E013322D507503007A58ED /* PBXTargetDependency */ = {
			isa = PBXTargetDependency;
			target = A7E013152D507501007A58ED /* Prevonto */;
			targetProxy = A7E013312D507503007A58ED /* PBXContainerItemProxy */;
		};
/* End PBXTargetDependency section */

/* Begin XCBuildConfiguration section */
		A7E013382D507503007A58ED /* Debug */ = {
			isa = XCBuildConfiguration;
			buildSettings = {
				ALWAYS_SEARCH_USER_PATHS = NO;
				ASSETCATALOG_COMPILER_GENERATE_SWIFT_ASSET_SYMBOL_EXTENSIONS = YES;
				CLANG_ANALYZER_NONNULL = YES;
				CLANG_ANALYZER_NUMBER_OBJECT_CONVERSION = YES_AGGRESSIVE;
				CLANG_CXX_LANGUAGE_STANDARD = "gnu++20";
				CLANG_ENABLE_MODULES = YES;
				CLANG_ENABLE_OBJC_ARC = YES;
				CLANG_ENABLE_OBJC_WEAK = YES;
				CLANG_WARN_BLOCK_CAPTURE_AUTORELEASING = YES;
				CLANG_WARN_BOOL_CONVERSION = YES;
				CLANG_WARN_COMMA = YES;
				CLANG_WARN_CONSTANT_CONVERSION = YES;
				CLANG_WARN_DEPRECATED_OBJC_IMPLEMENTATIONS = YES;
				CLANG_WARN_DIRECT_OBJC_ISA_USAGE = YES_ERROR;
				CLANG_WARN_DOCUMENTATION_COMMENTS = YES;
				CLANG_WARN_EMPTY_BODY = YES;
				CLANG_WARN_ENUM_CONVERSION = YES;
				CLANG_WARN_INFINITE_RECURSION = YES;
				CLANG_WARN_INT_CONVERSION = YES;
				CLANG_WARN_NON_LITERAL_NULL_CONVERSION = YES;
				CLANG_WARN_OBJC_IMPLICIT_RETAIN_SELF = YES;
				CLANG_WARN_OBJC_LITERAL_CONVERSION = YES;
				CLANG_WARN_OBJC_ROOT_CLASS = YES_ERROR;
				CLANG_WARN_QUOTED_INCLUDE_IN_FRAMEWORK_HEADER = YES;
				CLANG_WARN_RANGE_LOOP_ANALYSIS = YES;
				CLANG_WARN_STRICT_PROTOTYPES = YES;
				CLANG_WARN_SUSPICIOUS_MOVE = YES;
				CLANG_WARN_UNGUARDED_AVAILABILITY = YES_AGGRESSIVE;
				CLANG_WARN_UNREACHABLE_CODE = YES;
				CLANG_WARN__DUPLICATE_METHOD_MATCH = YES;
				COPY_PHASE_STRIP = NO;
				DEBUG_INFORMATION_FORMAT = dwarf;
				ENABLE_STRICT_OBJC_MSGSEND = YES;
				ENABLE_TESTABILITY = YES;
				ENABLE_USER_SCRIPT_SANDBOXING = YES;
				GCC_C_LANGUAGE_STANDARD = gnu17;
				GCC_DYNAMIC_NO_PIC = NO;
				GCC_NO_COMMON_BLOCKS = YES;
				GCC_OPTIMIZATION_LEVEL = 0;
				GCC_PREPROCESSOR_DEFINITIONS = (
					"DEBUG=1",
					"$(inherited)",
				);
				GCC_WARN_64_TO_32_BIT_CONVERSION = YES;
				GCC_WARN_ABOUT_RETURN_TYPE = YES_ERROR;
				GCC_WARN_UNDECLARED_SELECTOR = YES;
				GCC_WARN_UNINITIALIZED_AUTOS = YES_AGGRESSIVE;
				GCC_WARN_UNUSED_FUNCTION = YES;
				GCC_WARN_UNUSED_VARIABLE = YES;
				IPHONEOS_DEPLOYMENT_TARGET = 18.2;
				LOCALIZATION_PREFERS_STRING_CATALOGS = YES;
				MTL_ENABLE_DEBUG_INFO = INCLUDE_SOURCE;
				MTL_FAST_MATH = YES;
				ONLY_ACTIVE_ARCH = YES;
				SDKROOT = iphoneos;
				SWIFT_ACTIVE_COMPILATION_CONDITIONS = "DEBUG $(inherited)";
				SWIFT_OPTIMIZATION_LEVEL = "-Onone";
			};
			name = Debug;
		};
		A7E013392D507503007A58ED /* Release */ = {
			isa = XCBuildConfiguration;
			buildSettings = {
				ALWAYS_SEARCH_USER_PATHS = NO;
				ASSETCATALOG_COMPILER_GENERATE_SWIFT_ASSET_SYMBOL_EXTENSIONS = YES;
				CLANG_ANALYZER_NONNULL = YES;
				CLANG_ANALYZER_NUMBER_OBJECT_CONVERSION = YES_AGGRESSIVE;
				CLANG_CXX_LANGUAGE_STANDARD = "gnu++20";
				CLANG_ENABLE_MODULES = YES;
				CLANG_ENABLE_OBJC_ARC = YES;
				CLANG_ENABLE_OBJC_WEAK = YES;
				CLANG_WARN_BLOCK_CAPTURE_AUTORELEASING = YES;
				CLANG_WARN_BOOL_CONVERSION = YES;
				CLANG_WARN_COMMA = YES;
				CLANG_WARN_CONSTANT_CONVERSION = YES;
				CLANG_WARN_DEPRECATED_OBJC_IMPLEMENTATIONS = YES;
				CLANG_WARN_DIRECT_OBJC_ISA_USAGE = YES_ERROR;
				CLANG_WARN_DOCUMENTATION_COMMENTS = YES;
				CLANG_WARN_EMPTY_BODY = YES;
				CLANG_WARN_ENUM_CONVERSION = YES;
				CLANG_WARN_INFINITE_RECURSION = YES;
				CLANG_WARN_INT_CONVERSION = YES;
				CLANG_WARN_NON_LITERAL_NULL_CONVERSION = YES;
				CLANG_WARN_OBJC_IMPLICIT_RETAIN_SELF = YES;
				CLANG_WARN_OBJC_LITERAL_CONVERSION = YES;
				CLANG_WARN_OBJC_ROOT_CLASS = YES_ERROR;
				CLANG_WARN_QUOTED_INCLUDE_IN_FRAMEWORK_HEADER = YES;
				CLANG_WARN_RANGE_LOOP_ANALYSIS = YES;
				CLANG_WARN_STRICT_PROTOTYPES = YES;
				CLANG_WARN_SUSPICIOUS_MOVE = YES;
				CLANG_WARN_UNGUARDED_AVAILABILITY = YES_AGGRESSIVE;
				CLANG_WARN_UNREACHABLE_CODE = YES;
				CLANG_WARN__DUPLICATE_METHOD_MATCH = YES;
				COPY_PHASE_STRIP = NO;
				DEBUG_INFORMATION_FORMAT = "dwarf-with-dsym";
				ENABLE_NS_ASSERTIONS = NO;
				ENABLE_STRICT_OBJC_MSGSEND = YES;
				ENABLE_USER_SCRIPT_SANDBOXING = YES;
				GCC_C_LANGUAGE_STANDARD = gnu17;
				GCC_NO_COMMON_BLOCKS = YES;
				GCC_WARN_64_TO_32_BIT_CONVERSION = YES;
				GCC_WARN_ABOUT_RETURN_TYPE = YES_ERROR;
				GCC_WARN_UNDECLARED_SELECTOR = YES;
				GCC_WARN_UNINITIALIZED_AUTOS = YES_AGGRESSIVE;
				GCC_WARN_UNUSED_FUNCTION = YES;
				GCC_WARN_UNUSED_VARIABLE = YES;
				IPHONEOS_DEPLOYMENT_TARGET = 18.2;
				LOCALIZATION_PREFERS_STRING_CATALOGS = YES;
				MTL_ENABLE_DEBUG_INFO = NO;
				MTL_FAST_MATH = YES;
				SDKROOT = iphoneos;
				SWIFT_COMPILATION_MODE = wholemodule;
				VALIDATE_PRODUCT = YES;
			};
			name = Release;
		};
		A7E0133B2D507503007A58ED /* Debug */ = {
			isa = XCBuildConfiguration;
			buildSettings = {
				ASSETCATALOG_COMPILER_APPICON_NAME = AppIcon;
				ASSETCATALOG_COMPILER_GLOBAL_ACCENT_COLOR_NAME = AccentColor;
				CODE_SIGN_ENTITLEMENTS = Prevonto/Prevonto.entitlements;
				CODE_SIGN_STYLE = Automatic;
				CURRENT_PROJECT_VERSION = 1;
				DEVELOPMENT_ASSET_PATHS = "\"Prevonto/Preview Content\"";
				DEVELOPMENT_TEAM = 69W592H3D9;
				ENABLE_PREVIEWS = YES;
				GENERATE_INFOPLIST_FILE = YES;
				INFOPLIST_KEY_NSHealthShareUsageDescription = "This app uses HealthKit to display your daily step count and help you monitor your fitness progress.";
				INFOPLIST_KEY_UIApplicationSceneManifest_Generation = YES;
				INFOPLIST_KEY_UIApplicationSupportsIndirectInputEvents = YES;
				INFOPLIST_KEY_UILaunchScreen_Generation = YES;
				INFOPLIST_KEY_UISupportedInterfaceOrientations_iPad = "UIInterfaceOrientationPortrait UIInterfaceOrientationPortraitUpsideDown UIInterfaceOrientationLandscapeLeft UIInterfaceOrientationLandscapeRight";
				INFOPLIST_KEY_UISupportedInterfaceOrientations_iPhone = "UIInterfaceOrientationPortrait UIInterfaceOrientationLandscapeLeft UIInterfaceOrientationLandscapeRight";
				IPHONEOS_DEPLOYMENT_TARGET = 18.2;
				LD_RUNPATH_SEARCH_PATHS = (
					"$(inherited)",
					"@executable_path/Frameworks",
				);
				MARKETING_VERSION = 1.0;
				PRODUCT_BUNDLE_IDENTIFIER = project.Prevonto;
				PRODUCT_NAME = "$(TARGET_NAME)";
				SWIFT_EMIT_LOC_STRINGS = YES;
				SWIFT_VERSION = 5.0;
				TARGETED_DEVICE_FAMILY = "1,2";
			};
			name = Debug;
		};
		A7E0133C2D507503007A58ED /* Release */ = {
			isa = XCBuildConfiguration;
			buildSettings = {
				ASSETCATALOG_COMPILER_APPICON_NAME = AppIcon;
				ASSETCATALOG_COMPILER_GLOBAL_ACCENT_COLOR_NAME = AccentColor;
				CODE_SIGN_ENTITLEMENTS = Prevonto/Prevonto.entitlements;
				CODE_SIGN_STYLE = Automatic;
				CURRENT_PROJECT_VERSION = 1;
				DEVELOPMENT_ASSET_PATHS = "\"Prevonto/Preview Content\"";
				DEVELOPMENT_TEAM = 69W592H3D9;
				ENABLE_PREVIEWS = YES;
				GENERATE_INFOPLIST_FILE = YES;
				INFOPLIST_KEY_NSHealthShareUsageDescription = "This app uses HealthKit to display your daily step count and help you monitor your fitness progress.";
				INFOPLIST_KEY_UIApplicationSceneManifest_Generation = YES;
				INFOPLIST_KEY_UIApplicationSupportsIndirectInputEvents = YES;
				INFOPLIST_KEY_UILaunchScreen_Generation = YES;
				INFOPLIST_KEY_UISupportedInterfaceOrientations_iPad = "UIInterfaceOrientationPortrait UIInterfaceOrientationPortraitUpsideDown UIInterfaceOrientationLandscapeLeft UIInterfaceOrientationLandscapeRight";
				INFOPLIST_KEY_UISupportedInterfaceOrientations_iPhone = "UIInterfaceOrientationPortrait UIInterfaceOrientationLandscapeLeft UIInterfaceOrientationLandscapeRight";
				IPHONEOS_DEPLOYMENT_TARGET = 18.2;
				LD_RUNPATH_SEARCH_PATHS = (
					"$(inherited)",
					"@executable_path/Frameworks",
				);
				MARKETING_VERSION = 1.0;
				PRODUCT_BUNDLE_IDENTIFIER = project.Prevonto;
				PRODUCT_NAME = "$(TARGET_NAME)";
				SWIFT_EMIT_LOC_STRINGS = YES;
				SWIFT_VERSION = 5.0;
				TARGETED_DEVICE_FAMILY = "1,2";
			};
			name = Release;
		};
		A7E0133E2D507503007A58ED /* Debug */ = {
			isa = XCBuildConfiguration;
			buildSettings = {
				BUNDLE_LOADER = "$(TEST_HOST)";
				CODE_SIGN_STYLE = Automatic;
				CURRENT_PROJECT_VERSION = 1;
				GENERATE_INFOPLIST_FILE = YES;
				IPHONEOS_DEPLOYMENT_TARGET = 18.2;
				MARKETING_VERSION = 1.0;
				PRODUCT_BUNDLE_IDENTIFIER = project.PrevontoTests;
				PRODUCT_NAME = "$(TARGET_NAME)";
				SWIFT_EMIT_LOC_STRINGS = NO;
				SWIFT_VERSION = 5.0;
				TARGETED_DEVICE_FAMILY = "1,2";
				TEST_HOST = "$(BUILT_PRODUCTS_DIR)/Prevonto.app/$(BUNDLE_EXECUTABLE_FOLDER_PATH)/Prevonto";
			};
			name = Debug;
		};
		A7E0133F2D507503007A58ED /* Release */ = {
			isa = XCBuildConfiguration;
			buildSettings = {
				BUNDLE_LOADER = "$(TEST_HOST)";
				CODE_SIGN_STYLE = Automatic;
				CURRENT_PROJECT_VERSION = 1;
				GENERATE_INFOPLIST_FILE = YES;
				IPHONEOS_DEPLOYMENT_TARGET = 18.2;
				MARKETING_VERSION = 1.0;
				PRODUCT_BUNDLE_IDENTIFIER = project.PrevontoTests;
				PRODUCT_NAME = "$(TARGET_NAME)";
				SWIFT_EMIT_LOC_STRINGS = NO;
				SWIFT_VERSION = 5.0;
				TARGETED_DEVICE_FAMILY = "1,2";
				TEST_HOST = "$(BUILT_PRODUCTS_DIR)/Prevonto.app/$(BUNDLE_EXECUTABLE_FOLDER_PATH)/Prevonto";
			};
			name = Release;
		};
		A7E013412D507503007A58ED /* Debug */ = {
			isa = XCBuildConfiguration;
			buildSettings = {
				CODE_SIGN_STYLE = Automatic;
				CURRENT_PROJECT_VERSION = 1;
				GENERATE_INFOPLIST_FILE = YES;
				MARKETING_VERSION = 1.0;
				PRODUCT_BUNDLE_IDENTIFIER = project.PrevontoUITests;
				PRODUCT_NAME = "$(TARGET_NAME)";
				SWIFT_EMIT_LOC_STRINGS = NO;
				SWIFT_VERSION = 5.0;
				TARGETED_DEVICE_FAMILY = "1,2";
				TEST_TARGET_NAME = Prevonto;
			};
			name = Debug;
		};
		A7E013422D507503007A58ED /* Release */ = {
			isa = XCBuildConfiguration;
			buildSettings = {
				CODE_SIGN_STYLE = Automatic;
				CURRENT_PROJECT_VERSION = 1;
				GENERATE_INFOPLIST_FILE = YES;
				MARKETING_VERSION = 1.0;
				PRODUCT_BUNDLE_IDENTIFIER = project.PrevontoUITests;
				PRODUCT_NAME = "$(TARGET_NAME)";
				SWIFT_EMIT_LOC_STRINGS = NO;
				SWIFT_VERSION = 5.0;
				TARGETED_DEVICE_FAMILY = "1,2";
				TEST_TARGET_NAME = Prevonto;
			};
			name = Release;
		};
/* End XCBuildConfiguration section */

/* Begin XCConfigurationList section */
		A7E013112D507501007A58ED /* Build configuration list for PBXProject "Prevonto" */ = {
			isa = XCConfigurationList;
			buildConfigurations = (
				A7E013382D507503007A58ED /* Debug */,
				A7E013392D507503007A58ED /* Release */,
			);
			defaultConfigurationIsVisible = 0;
			defaultConfigurationName = Release;
		};
		A7E0133A2D507503007A58ED /* Build configuration list for PBXNativeTarget "Prevonto" */ = {
			isa = XCConfigurationList;
			buildConfigurations = (
				A7E0133B2D507503007A58ED /* Debug */,
				A7E0133C2D507503007A58ED /* Release */,
			);
			defaultConfigurationIsVisible = 0;
			defaultConfigurationName = Release;
		};
		A7E0133D2D507503007A58ED /* Build configuration list for PBXNativeTarget "PrevontoTests" */ = {
			isa = XCConfigurationList;
			buildConfigurations = (
				A7E0133E2D507503007A58ED /* Debug */,
				A7E0133F2D507503007A58ED /* Release */,
			);
			defaultConfigurationIsVisible = 0;
			defaultConfigurationName = Release;
		};
		A7E013402D507503007A58ED /* Build configuration list for PBXNativeTarget "PrevontoUITests" */ = {
			isa = XCConfigurationList;
			buildConfigurations = (
				A7E013412D507503007A58ED /* Debug */,
				A7E013422D507503007A58ED /* Release */,
			);
			defaultConfigurationIsVisible = 0;
			defaultConfigurationName = Release;
		};
/* End XCConfigurationList section */

/* Begin XCRemoteSwiftPackageReference section */
		A76404522D9F65B10075AABB /* XCRemoteSwiftPackageReference "SwiftUIPager" */ = {
			isa = XCRemoteSwiftPackageReference;
			repositoryURL = "https://github.com/fermoya/SwiftUIPager";
			requirement = {
				kind = upToNextMajorVersion;
				minimumVersion = 2.5.0;
			};
		};
		A7FBFDFF2DFE128100D284D4 /* XCRemoteSwiftPackageReference "ElegantCalendar" */ = {
			isa = XCRemoteSwiftPackageReference;
			repositoryURL = "https://github.com/ThasianX/ElegantCalendar";
			requirement = {
				kind = upToNextMajorVersion;
				minimumVersion = 4.3.2;
			};
		};
/* End XCRemoteSwiftPackageReference section */

/* Begin XCSwiftPackageProductDependency section */
		A76404B02D9F68300075AABB /* SwiftUIPager */ = {
			isa = XCSwiftPackageProductDependency;
			package = A76404522D9F65B10075AABB /* XCRemoteSwiftPackageReference "SwiftUIPager" */;
			productName = SwiftUIPager;
		};
		A7FBFE002DFE12A000D284D4 /* ElegantCalendar */ = {
			isa = XCSwiftPackageProductDependency;
			package = A7FBFDFF2DFE128100D284D4 /* XCRemoteSwiftPackageReference "ElegantCalendar" */;
			productName = ElegantCalendar;
		};
/* End XCSwiftPackageProductDependency section */
	};
	rootObject = A7E0130E2D507501007A58ED /* Project object */;
}
